
Microsoft Visual Studio Solution File, Format Version 12.00
# Visual Studio 15
VisualStudioVersion = 15.0.27004.2005
MinimumVisualStudioVersion = 10.0.40219.1
Project("{FAE04EC0-301F-11D3-BF4B-00C04F79EFBC}") = "BESEN İNŞAAT LTD.STİ", "BESEN İNŞAAT LTD.STİ\BESEN İNŞAAT LTD.STİ.csproj", "{4681A0E7-87C2-4A61-B521-E3A8123CACDC}"
EndProject
Global
	GlobalSection(SolutionConfigurationPlatforms) = preSolution
		Debug|Any CPU = Debug|Any CPU
		Release|Any CPU = Release|Any CPU
	EndGlobalSection
	GlobalSection(ProjectConfigurationPlatforms) = postSolution
		{4681A0E7-87C2-4A61-B521-E3A8123CACDC}.Debug|Any CPU.ActiveCfg = Debug|Any CPU
		{4681A0E7-87C2-4A61-B521-E3A8123CACDC}.Debug|Any CPU.Build.0 = Debug|Any CPU
		{4681A0E7-87C2-4A61-B521-E3A8123CACDC}.Release|Any CPU.ActiveCfg = Release|Any CPU
		{4681A0E7-87C2-4A61-B521-E3A8123CACDC}.Release|Any CPU.Build.0 = Release|Any CPU
	EndGlobalSection
	GlobalSection(SolutionProperties) = preSolution
		HideSolutionNode = FALSE
	EndGlobalSection
	GlobalSection(ExtensibilityGlobals) = postSolution
		SolutionGuid = {8D84BE67-5088-40F0-9EC1-33CD501D9181}
	EndGlobalSection
EndGlobal
